
Microsoft Visual Studio Solution File, Format Version 12.00
# Visual Studio Version 16
VisualStudioVersion = 16.0.30523.141
MinimumVisualStudioVersion = 10.0.40219.1
Project("{FAE04EC0-301F-11D3-BF4B-00C04F79EFBC}") = "C-HelloWorld_WinformGUI", "C-HelloWorld_WinformGUI\C-HelloWorld_WinformGUI.csproj", "{BF395410-17CA-4596-8F59-35E0A28FCCE4}"
EndProject
Global
	GlobalSection(SolutionConfigurationPlatforms) = preSolution
		Debug|Any CPU = Debug|Any CPU
		Release|Any CPU = Release|Any CPU
	EndGlobalSection
	GlobalSection(ProjectConfigurationPlatforms) = postSolution
		{BF395410-17CA-4596-8F59-35E0A28FCCE4}.Debug|Any CPU.ActiveCfg = Debug|Any CPU
		{BF395410-17CA-4596-8F59-35E0A28FCCE4}.Debug|Any CPU.Build.0 = Debug|Any CPU
		{BF395410-17CA-4596-8F59-35E0A28FCCE4}.Release|Any CPU.ActiveCfg = Release|Any CPU
		{BF395410-17CA-4596-8F59-35E0A28FCCE4}.Release|Any CPU.Build.0 = Release|Any CPU
	EndGlobalSection
	GlobalSection(SolutionProperties) = preSolution
		HideSolutionNode = FALSE
	EndGlobalSection
	GlobalSection(ExtensibilityGlobals) = postSolution
		SolutionGuid = {1C6CD647-F7CB-4B3F-B29A-A712E5F3F832}
	EndGlobalSection
EndGlobal
